// !$*UTF8*$!
{
	archiveVersion = 1;
	classes = {
	};
	objectVersion = 46;
	objects = {

/* Begin PBXBuildFile section */
		ABBEFBFC144A29F300B13596 /* UIKit.framework in Frameworks */ = {isa = PBXBuildFile; fileRef = ABBEFBFB144A29F300B13596 /* UIKit.framework */; };
		ABBEFBFE144A29F300B13596 /* Foundation.framework in Frameworks */ = {isa = PBXBuildFile; fileRef = ABBEFBFD144A29F300B13596 /* Foundation.framework */; };
		ABBEFC00144A29F300B13596 /* CoreGraphics.framework in Frameworks */ = {isa = PBXBuildFile; fileRef = ABBEFBFF144A29F300B13596 /* CoreGraphics.framework */; };
		ABBEFC02144A29F300B13596 /* CoreData.framework in Frameworks */ = {isa = PBXBuildFile; fileRef = ABBEFC01144A29F300B13596 /* CoreData.framework */; };
		ABBEFC08144A29F300B13596 /* InfoPlist.strings in Resources */ = {isa = PBXBuildFile; fileRef = ABBEFC06144A29F300B13596 /* InfoPlist.strings */; };
		ABBEFC0A144A29F300B13596 /* main.m in Sources */ = {isa = PBXBuildFile; fileRef = ABBEFC09144A29F300B13596 /* main.m */; };
		ABBEFC0E144A29F300B13596 /* AppDelegate.m in Sources */ = {isa = PBXBuildFile; fileRef = ABBEFC0D144A29F300B13596 /* AppDelegate.m */; };
		ABBEFC11144A29F300B13596 /* PocketLaws.xcdatamodeld in Sources */ = {isa = PBXBuildFile; fileRef = ABBEFC0F144A29F300B13596 /* PocketLaws.xcdatamodeld */; };
		ABBEFC14144A29F300B13596 /* MasterViewController.m in Sources */ = {isa = PBXBuildFile; fileRef = ABBEFC13144A29F300B13596 /* MasterViewController.m */; };
		ABBEFC1A144A29F300B13596 /* MasterViewController.xib in Resources */ = {isa = PBXBuildFile; fileRef = ABBEFC18144A29F300B13596 /* MasterViewController.xib */; };
		ABBEFC24144A2A0400B13596 /* Icon@2x.png in Resources */ = {isa = PBXBuildFile; fileRef = ABBEFC23144A2A0400B13596 /* Icon@2x.png */; };
		ABBEFC26144A2A0600B13596 /* Icon.png in Resources */ = {isa = PBXBuildFile; fileRef = ABBEFC25144A2A0600B13596 /* Icon.png */; };
		ABBEFC28144A2A0F00B13596 /* Default.png in Resources */ = {isa = PBXBuildFile; fileRef = ABBEFC27144A2A0F00B13596 /* Default.png */; };
		ABBEFC2A144A2A1200B13596 /* Default@2x.png in Resources */ = {isa = PBXBuildFile; fileRef = ABBEFC29144A2A1200B13596 /* Default@2x.png */; };
		ABBEFC2C144A2F6B00B13596 /* Laws.json in Resources */ = {isa = PBXBuildFile; fileRef = ABBEFC2B144A2F6A00B13596 /* Laws.json */; };
		ABBEFC55144A4D1E00B13596 /* Segment.m in Sources */ = {isa = PBXBuildFile; fileRef = ABBEFC54144A4D1E00B13596 /* Segment.m */; };
		ABBEFC5E144A5B7900B13596 /* DetailViewController.m in Sources */ = {isa = PBXBuildFile; fileRef = ABBEFC5C144A5B7900B13596 /* DetailViewController.m */; };
		ABBEFC5F144A5B7900B13596 /* DetailViewController.xib in Resources */ = {isa = PBXBuildFile; fileRef = ABBEFC5D144A5B7900B13596 /* DetailViewController.xib */; };
/* End PBXBuildFile section */

/* Begin PBXFileReference section */
		ABBEFBF7144A29F300B13596 /* PocketLaws.app */ = {isa = PBXFileReference; explicitFileType = wrapper.application; includeInIndex = 0; path = PocketLaws.app; sourceTree = BUILT_PRODUCTS_DIR; };
		ABBEFBFB144A29F300B13596 /* UIKit.framework */ = {isa = PBXFileReference; lastKnownFileType = wrapper.framework; name = UIKit.framework; path = System/Library/Frameworks/UIKit.framework; sourceTree = SDKROOT; };
		ABBEFBFD144A29F300B13596 /* Foundation.framework */ = {isa = PBXFileReference; lastKnownFileType = wrapper.framework; name = Foundation.framework; path = System/Library/Frameworks/Foundation.framework; sourceTree = SDKROOT; };
		ABBEFBFF144A29F300B13596 /* CoreGraphics.framework */ = {isa = PBXFileReference; lastKnownFileType = wrapper.framework; name = CoreGraphics.framework; path = System/Library/Frameworks/CoreGraphics.framework; sourceTree = SDKROOT; };
		ABBEFC01144A29F300B13596 /* CoreData.framework */ = {isa = PBXFileReference; lastKnownFileType = wrapper.framework; name = CoreData.framework; path = System/Library/Frameworks/CoreData.framework; sourceTree = SDKROOT; };
		ABBEFC05144A29F300B13596 /* PocketLaws-Info.plist */ = {isa = PBXFileReference; lastKnownFileType = text.plist.xml; path = "PocketLaws-Info.plist"; sourceTree = "<group>"; };
		ABBEFC07144A29F300B13596 /* en */ = {isa = PBXFileReference; lastKnownFileType = text.plist.strings; name = en; path = en.lproj/InfoPlist.strings; sourceTree = "<group>"; };
		ABBEFC09144A29F300B13596 /* main.m */ = {isa = PBXFileReference; lastKnownFileType = sourcecode.c.objc; path = main.m; sourceTree = "<group>"; };
		ABBEFC0B144A29F300B13596 /* PocketLaws-Prefix.pch */ = {isa = PBXFileReference; lastKnownFileType = sourcecode.c.h; path = "PocketLaws-Prefix.pch"; sourceTree = "<group>"; };
		ABBEFC0C144A29F300B13596 /* AppDelegate.h */ = {isa = PBXFileReference; lastKnownFileType = sourcecode.c.h; path = AppDelegate.h; sourceTree = "<group>"; };
		ABBEFC0D144A29F300B13596 /* AppDelegate.m */ = {isa = PBXFileReference; lastKnownFileType = sourcecode.c.objc; path = AppDelegate.m; sourceTree = "<group>"; };
		ABBEFC10144A29F300B13596 /* PocketLaws.xcdatamodel */ = {isa = PBXFileReference; lastKnownFileType = wrapper.xcdatamodel; path = PocketLaws.xcdatamodel; sourceTree = "<group>"; };
		ABBEFC12144A29F300B13596 /* MasterViewController.h */ = {isa = PBXFileReference; lastKnownFileType = sourcecode.c.h; path = MasterViewController.h; sourceTree = "<group>"; };
		ABBEFC13144A29F300B13596 /* MasterViewController.m */ = {isa = PBXFileReference; lastKnownFileType = sourcecode.c.objc; path = MasterViewController.m; sourceTree = "<group>"; };
		ABBEFC19144A29F300B13596 /* en */ = {isa = PBXFileReference; lastKnownFileType = file.xib; name = en; path = en.lproj/MasterViewController.xib; sourceTree = "<group>"; };
		ABBEFC23144A2A0400B13596 /* Icon@2x.png */ = {isa = PBXFileReference; lastKnownFileType = image.png; path = "Icon@2x.png"; sourceTree = "<group>"; };
		ABBEFC25144A2A0600B13596 /* Icon.png */ = {isa = PBXFileReference; lastKnownFileType = image.png; path = Icon.png; sourceTree = "<group>"; };
		ABBEFC27144A2A0F00B13596 /* Default.png */ = {isa = PBXFileReference; lastKnownFileType = image.png; path = Default.png; sourceTree = "<group>"; };
		ABBEFC29144A2A1200B13596 /* Default@2x.png */ = {isa = PBXFileReference; lastKnownFileType = image.png; path = "Default@2x.png"; sourceTree = "<group>"; };
		ABBEFC2B144A2F6A00B13596 /* Laws.json */ = {isa = PBXFileReference; fileEncoding = 4; lastKnownFileType = text.json; path = Laws.json; sourceTree = "<group>"; };
		ABBEFC53144A4D1E00B13596 /* Segment.h */ = {isa = PBXFileReference; fileEncoding = 4; lastKnownFileType = sourcecode.c.h; path = Segment.h; sourceTree = "<group>"; };
		ABBEFC54144A4D1E00B13596 /* Segment.m */ = {isa = PBXFileReference; fileEncoding = 4; lastKnownFileType = sourcecode.c.objc; path = Segment.m; sourceTree = "<group>"; };
		ABBEFC5B144A5B7900B13596 /* DetailViewController.h */ = {isa = PBXFileReference; fileEncoding = 4; lastKnownFileType = sourcecode.c.h; path = DetailViewController.h; sourceTree = "<group>"; };
		ABBEFC5C144A5B7900B13596 /* DetailViewController.m */ = {isa = PBXFileReference; fileEncoding = 4; lastKnownFileType = sourcecode.c.objc; path = DetailViewController.m; sourceTree = "<group>"; };
		ABBEFC5D144A5B7900B13596 /* DetailViewController.xib */ = {isa = PBXFileReference; fileEncoding = 4; lastKnownFileType = file.xib; path = DetailViewController.xib; sourceTree = "<group>"; };
/* End PBXFileReference section */

/* Begin PBXFrameworksBuildPhase section */
		ABBEFBF4144A29F300B13596 /* Frameworks */ = {
			isa = PBXFrameworksBuildPhase;
			buildActionMask = 2147483647;
			files = (
				ABBEFBFC144A29F300B13596 /* UIKit.framework in Frameworks */,
				ABBEFBFE144A29F300B13596 /* Foundation.framework in Frameworks */,
				ABBEFC00144A29F300B13596 /* CoreGraphics.framework in Frameworks */,
				ABBEFC02144A29F300B13596 /* CoreData.framework in Frameworks */,
			);
			runOnlyForDeploymentPostprocessing = 0;
		};
/* End PBXFrameworksBuildPhase section */

/* Begin PBXGroup section */
		ABBEFBEC144A29F300B13596 = {
			isa = PBXGroup;
			children = (
				ABBEFC29144A2A1200B13596 /* Default@2x.png */,
				ABBEFC27144A2A0F00B13596 /* Default.png */,
				ABBEFC25144A2A0600B13596 /* Icon.png */,
				ABBEFC23144A2A0400B13596 /* Icon@2x.png */,
				ABBEFC03144A29F300B13596 /* PocketLaws */,
				ABBEFBFA144A29F300B13596 /* Frameworks */,
				ABBEFBF8144A29F300B13596 /* Products */,
			);
			sourceTree = "<group>";
		};
		ABBEFBF8144A29F300B13596 /* Products */ = {
			isa = PBXGroup;
			children = (
				ABBEFBF7144A29F300B13596 /* PocketLaws.app */,
			);
			name = Products;
			sourceTree = "<group>";
		};
		ABBEFBFA144A29F300B13596 /* Frameworks */ = {
			isa = PBXGroup;
			children = (
				ABBEFBFB144A29F300B13596 /* UIKit.framework */,
				ABBEFBFD144A29F300B13596 /* Foundation.framework */,
				ABBEFBFF144A29F300B13596 /* CoreGraphics.framework */,
				ABBEFC01144A29F300B13596 /* CoreData.framework */,
			);
			name = Frameworks;
			sourceTree = "<group>";
		};
		ABBEFC03144A29F300B13596 /* PocketLaws */ = {
			isa = PBXGroup;
			children = (
				ABBEFC0C144A29F300B13596 /* AppDelegate.h */,
				ABBEFC0D144A29F300B13596 /* AppDelegate.m */,
				ABBEFC12144A29F300B13596 /* MasterViewController.h */,
				ABBEFC13144A29F300B13596 /* MasterViewController.m */,
				ABBEFC18144A29F300B13596 /* MasterViewController.xib */,
				ABBEFC5B144A5B7900B13596 /* DetailViewController.h */,
				ABBEFC5C144A5B7900B13596 /* DetailViewController.m */,
				ABBEFC5D144A5B7900B13596 /* DetailViewController.xib */,
				ABBEFC53144A4D1E00B13596 /* Segment.h */,
				ABBEFC54144A4D1E00B13596 /* Segment.m */,
				ABBEFC0F144A29F300B13596 /* PocketLaws.xcdatamodeld */,
				ABBEFC04144A29F300B13596 /* Supporting Files */,
			);
			path = PocketLaws;
			sourceTree = "<group>";
		};
		ABBEFC04144A29F300B13596 /* Supporting Files */ = {
			isa = PBXGroup;
			children = (
				ABBEFC05144A29F300B13596 /* PocketLaws-Info.plist */,
				ABBEFC2B144A2F6A00B13596 /* Laws.json */,
				ABBEFC06144A29F300B13596 /* InfoPlist.strings */,
				ABBEFC09144A29F300B13596 /* main.m */,
				ABBEFC0B144A29F300B13596 /* PocketLaws-Prefix.pch */,
			);
			name = "Supporting Files";
			sourceTree = "<group>";
		};
/* End PBXGroup section */

/* Begin PBXNativeTarget section */
		ABBEFBF6144A29F300B13596 /* PocketLaws */ = {
			isa = PBXNativeTarget;
			buildConfigurationList = ABBEFC20144A29F300B13596 /* Build configuration list for PBXNativeTarget "PocketLaws" */;
			buildPhases = (
				ABBEFBF3144A29F300B13596 /* Sources */,
				ABBEFBF4144A29F300B13596 /* Frameworks */,
				ABBEFBF5144A29F300B13596 /* Resources */,
			);
			buildRules = (
			);
			dependencies = (
			);
			name = PocketLaws;
			productName = PocketLaws;
			productReference = ABBEFBF7144A29F300B13596 /* PocketLaws.app */;
			productType = "com.apple.product-type.application";
		};
/* End PBXNativeTarget section */

/* Begin PBXProject section */
		ABBEFBEE144A29F300B13596 /* Project object */ = {
			isa = PBXProject;
			attributes = {
				LastUpgradeCheck = 0420;
				ORGANIZATIONNAME = "Treeness, LLC";
			};
			buildConfigurationList = ABBEFBF1144A29F300B13596 /* Build configuration list for PBXProject "PocketLaws" */;
			compatibilityVersion = "Xcode 3.2";
			developmentRegion = English;
			hasScannedForEncodings = 0;
			knownRegions = (
				en,
			);
			mainGroup = ABBEFBEC144A29F300B13596;
			productRefGroup = ABBEFBF8144A29F300B13596 /* Products */;
			projectDirPath = "";
			projectRoot = "";
			targets = (
				ABBEFBF6144A29F300B13596 /* PocketLaws */,
			);
		};
/* End PBXProject section */

/* Begin PBXResourcesBuildPhase section */
		ABBEFBF5144A29F300B13596 /* Resources */ = {
			isa = PBXResourcesBuildPhase;
			buildActionMask = 2147483647;
			files = (
				ABBEFC08144A29F300B13596 /* InfoPlist.strings in Resources */,
				ABBEFC1A144A29F300B13596 /* MasterViewController.xib in Resources */,
				ABBEFC24144A2A0400B13596 /* Icon@2x.png in Resources */,
				ABBEFC26144A2A0600B13596 /* Icon.png in Resources */,
				ABBEFC28144A2A0F00B13596 /* Default.png in Resources */,
				ABBEFC2A144A2A1200B13596 /* Default@2x.png in Resources */,
				ABBEFC2C144A2F6B00B13596 /* Laws.json in Resources */,
				ABBEFC5F144A5B7900B13596 /* DetailViewController.xib in Resources */,
			);
			runOnlyForDeploymentPostprocessing = 0;
		};
/* End PBXResourcesBuildPhase section */

/* Begin PBXSourcesBuildPhase section */
		ABBEFBF3144A29F300B13596 /* Sources */ = {
			isa = PBXSourcesBuildPhase;
			buildActionMask = 2147483647;
			files = (
				ABBEFC0A144A29F300B13596 /* main.m in Sources */,
				ABBEFC0E144A29F300B13596 /* AppDelegate.m in Sources */,
				ABBEFC11144A29F300B13596 /* PocketLaws.xcdatamodeld in Sources */,
				ABBEFC14144A29F300B13596 /* MasterViewController.m in Sources */,
				ABBEFC55144A4D1E00B13596 /* Segment.m in Sources */,
				ABBEFC5E144A5B7900B13596 /* DetailViewController.m in Sources */,
			);
			runOnlyForDeploymentPostprocessing = 0;
		};
/* End PBXSourcesBuildPhase section */

/* Begin PBXVariantGroup section */
		ABBEFC06144A29F300B13596 /* InfoPlist.strings */ = {
			isa = PBXVariantGroup;
			children = (
				ABBEFC07144A29F300B13596 /* en */,
			);
			name = InfoPlist.strings;
			sourceTree = "<group>";
		};
		ABBEFC18144A29F300B13596 /* MasterViewController.xib */ = {
			isa = PBXVariantGroup;
			children = (
				ABBEFC19144A29F300B13596 /* en */,
			);
			name = MasterViewController.xib;
			sourceTree = "<group>";
		};
/* End PBXVariantGroup section */

/* Begin XCBuildConfiguration section */
		ABBEFC1E144A29F300B13596 /* Debug */ = {
			isa = XCBuildConfiguration;
			buildSettings = {
				ALWAYS_SEARCH_USER_PATHS = NO;
				ARCHS = "$(ARCHS_STANDARD_32_BIT)";
				CLANG_ENABLE_OBJC_ARC = YES;
				"CODE_SIGN_IDENTITY[sdk=iphoneos*]" = "iPhone Developer";
				COPY_PHASE_STRIP = NO;
				GCC_C_LANGUAGE_STANDARD = gnu99;
				GCC_DYNAMIC_NO_PIC = NO;
				GCC_OPTIMIZATION_LEVEL = 0;
				GCC_PREPROCESSOR_DEFINITIONS = (
					"DEBUG=1",
					"$(inherited)",
				);
				GCC_SYMBOLS_PRIVATE_EXTERN = NO;
				GCC_VERSION = com.apple.compilers.llvm.clang.1_0;
				GCC_WARN_ABOUT_MISSING_PROTOTYPES = YES;
				GCC_WARN_ABOUT_RETURN_TYPE = YES;
				GCC_WARN_UNUSED_VARIABLE = YES;
				IPHONEOS_DEPLOYMENT_TARGET = 5.0;
				SDKROOT = iphoneos;
			};
			name = Debug;
		};
		ABBEFC1F144A29F300B13596 /* Release */ = {
			isa = XCBuildConfiguration;
			buildSettings = {
				ALWAYS_SEARCH_USER_PATHS = NO;
				ARCHS = "$(ARCHS_STANDARD_32_BIT)";
				CLANG_ENABLE_OBJC_ARC = YES;
				"CODE_SIGN_IDENTITY[sdk=iphoneos*]" = "iPhone Developer";
				COPY_PHASE_STRIP = YES;
				GCC_C_LANGUAGE_STANDARD = gnu99;
				GCC_VERSION = com.apple.compilers.llvm.clang.1_0;
				GCC_WARN_ABOUT_MISSING_PROTOTYPES = YES;
				GCC_WARN_ABOUT_RETURN_TYPE = YES;
				GCC_WARN_UNUSED_VARIABLE = YES;
				IPHONEOS_DEPLOYMENT_TARGET = 5.0;
				OTHER_CFLAGS = "-DNS_BLOCK_ASSERTIONS=1";
				SDKROOT = iphoneos;
				VALIDATE_PRODUCT = YES;
			};
			name = Release;
		};
		ABBEFC21144A29F300B13596 /* Debug */ = {
			isa = XCBuildConfiguration;
			buildSettings = {
				GCC_PRECOMPILE_PREFIX_HEADER = YES;
				GCC_PREFIX_HEADER = "PocketLaws/PocketLaws-Prefix.pch";
				INFOPLIST_FILE = "PocketLaws/PocketLaws-Info.plist";
				PRODUCT_NAME = "$(TARGET_NAME)";
				WRAPPER_EXTENSION = app;
			};
			name = Debug;
		};
		ABBEFC22144A29F300B13596 /* Release */ = {
			isa = XCBuildConfiguration;
			buildSettings = {
				GCC_PRECOMPILE_PREFIX_HEADER = YES;
				GCC_PREFIX_HEADER = "PocketLaws/PocketLaws-Prefix.pch";
				INFOPLIST_FILE = "PocketLaws/PocketLaws-Info.plist";
				PRODUCT_NAME = "$(TARGET_NAME)";
				WRAPPER_EXTENSION = app;
			};
			name = Release;
		};
/* End XCBuildConfiguration section */

/* Begin XCConfigurationList section */
		ABBEFBF1144A29F300B13596 /* Build configuration list for PBXProject "PocketLaws" */ = {
			isa = XCConfigurationList;
			buildConfigurations = (
				ABBEFC1E144A29F300B13596 /* Debug */,
				ABBEFC1F144A29F300B13596 /* Release */,
			);
			defaultConfigurationIsVisible = 0;
			defaultConfigurationName = Release;
		};
		ABBEFC20144A29F300B13596 /* Build configuration list for PBXNativeTarget "PocketLaws" */ = {
			isa = XCConfigurationList;
			buildConfigurations = (
				ABBEFC21144A29F300B13596 /* Debug */,
				ABBEFC22144A29F300B13596 /* Release */,
			);
			defaultConfigurationIsVisible = 0;
		};
/* End XCConfigurationList section */

/* Begin XCVersionGroup section */
		ABBEFC0F144A29F300B13596 /* PocketLaws.xcdatamodeld */ = {
			isa = XCVersionGroup;
			children = (
				ABBEFC10144A29F300B13596 /* PocketLaws.xcdatamodel */,
			);
			currentVersion = ABBEFC10144A29F300B13596 /* PocketLaws.xcdatamodel */;
			path = PocketLaws.xcdatamodeld;
			sourceTree = "<group>";
			versionGroupType = wrapper.xcdatamodel;
		};
/* End XCVersionGroup section */
	};
	rootObject = ABBEFBEE144A29F300B13596 /* Project object */;
}
